
Microsoft Visual Studio Solution File, Format Version 12.00
# Visual Studio Version 17
VisualStudioVersion = 17.7.34031.279
MinimumVisualStudioVersion = 10.0.40219.1
Project("{888888A0-9F3D-457C-B088-3A5042F75D52}") = "   #Dwayne Winn C261 Gussing Game", "   #Dwayne Winn C261 Gussing Game.pyproj", "{0D83B824-C00F-46A2-84B4-C60DB5E0202B}"
EndProject
Global
	GlobalSection(SolutionConfigurationPlatforms) = preSolution
		Debug|Any CPU = Debug|Any CPU
		Release|Any CPU = Release|Any CPU
	EndGlobalSection
	GlobalSection(ProjectConfigurationPlatforms) = postSolution
		{0D83B824-C00F-46A2-84B4-C60DB5E0202B}.Debug|Any CPU.ActiveCfg = Debug|Any CPU
		{0D83B824-C00F-46A2-84B4-C60DB5E0202B}.Release|Any CPU.ActiveCfg = Release|Any CPU
	EndGlobalSection
	GlobalSection(SolutionProperties) = preSolution
		HideSolutionNode = FALSE
	EndGlobalSection
	GlobalSection(ExtensibilityGlobals) = postSolution
		SolutionGuid = {E5689B2C-9358-4CE4-B348-AEDDC033BAC5}
	EndGlobalSection
EndGlobal
